{
    "_readme": [
        "This file locks the dependencies of your project to a known state",
        "Read more about it at https://getcomposer.org/doc/01-basic-usage.md#composer-lock-the-lock-file",
        "This file is @generated automatically"
    ],
    "hash": "d4169aeeb70ec63bdfb45d6bbe7e301e",
    "content-hash": "eddbacb08acde47b19f6acb019228647",
    "packages": [
        {
            "name": "abraham/twitteroauth",
            "version": "0.7.4",
            "source": {
                "type": "git",
                "url": "https://github.com/abraham/twitteroauth.git",
                "reference": "c6f9e692552dd037b2324ed0dfa28a4e60875acf"
            },
            "dist": {
                "type": "zip",
                "url": "https://api.github.com/repos/abraham/twitteroauth/zipball/c6f9e692552dd037b2324ed0dfa28a4e60875acf",
                "reference": "c6f9e692552dd037b2324ed0dfa28a4e60875acf",
                "shasum": ""
            },
            "require": {
                "ext-curl": "*",
                "php": "^5.6 || ^7.0"
            },
            "require-dev": {
                "phpmd/phpmd": "~2.6",
                "phpunit/phpunit": "~5.7",
                "squizlabs/php_codesniffer": "~3.0"
            },
            "type": "library",
            "autoload": {
                "psr-4": {
                    "Abraham\\TwitterOAuth\\": "src"
                }
            },
            "notification-url": "https://packagist.org/downloads/",
            "license": [
                "MIT"
            ],
            "authors": [
                {
                    "name": "Abraham Williams",
                    "email": "abraham@abrah.am",
                    "homepage": "https://abrah.am",
                    "role": "Developer"
                }
            ],
            "description": "The most popular PHP library for use with the Twitter OAuth REST API.",
            "homepage": "https://twitteroauth.com",
            "keywords": [
                "Twitter API",
                "Twitter oAuth",
                "api",
                "oauth",
                "rest",
                "social",
                "twitter"
            ],
            "time": "2017-06-30 22:02:01"
        },
        {
            "name": "guzzlehttp/guzzle",
            "version": "5.3.1",
            "source": {
                "type": "git",
                "url": "https://github.com/guzzle/guzzle.git",
                "reference": "70f1fa53b71c4647bf2762c09068a95f77e12fb8"
            },
            "dist": {
                "type": "zip",
                "url": "https://api.github.com/repos/guzzle/guzzle/zipball/70f1fa53b71c4647bf2762c09068a95f77e12fb8",
                "reference": "70f1fa53b71c4647bf2762c09068a95f77e12fb8",
                "shasum": ""
            },
            "require": {
                "guzzlehttp/ringphp": "^1.1",
                "php": ">=5.4.0"
            },
            "require-dev": {
                "ext-curl": "*",
                "phpunit/phpunit": "^4.0"
            },
            "type": "library",
            "autoload": {
                "psr-4": {
                    "GuzzleHttp\\": "src/"
                }
            },
            "notification-url": "https://packagist.org/downloads/",
            "license": [
                "MIT"
            ],
            "authors": [
                {
                    "name": "Michael Dowling",
                    "email": "mtdowling@gmail.com",
                    "homepage": "https://github.com/mtdowling"
                }
            ],
            "description": "Guzzle is a PHP HTTP client library and framework for building RESTful web service clients",
            "homepage": "http://guzzlephp.org/",
            "keywords": [
                "client",
                "curl",
                "framework",
                "http",
                "http client",
                "rest",
                "web service"
            ],
            "time": "2016-07-15 19:28:39"
        },
        {
            "name": "guzzlehttp/ringphp",
            "version": "1.1.0",
            "source": {
                "type": "git",
                "url": "https://github.com/guzzle/RingPHP.git",
                "reference": "dbbb91d7f6c191e5e405e900e3102ac7f261bc0b"
            },
            "dist": {
                "type": "zip",
                "url": "https://api.github.com/repos/guzzle/RingPHP/zipball/dbbb91d7f6c191e5e405e900e3102ac7f261bc0b",
                "reference": "dbbb91d7f6c191e5e405e900e3102ac7f261bc0b",
                "shasum": ""
            },
            "require": {
                "guzzlehttp/streams": "~3.0",
                "php": ">=5.4.0",
                "react/promise": "~2.0"
            },
            "require-dev": {
                "ext-curl": "*",
                "phpunit/phpunit": "~4.0"
            },
            "suggest": {
                "ext-curl": "Guzzle will use specific adapters if cURL is present"
            },
            "type": "library",
            "extra": {
                "branch-alias": {
                    "dev-master": "1.1-dev"
                }
            },
            "autoload": {
                "psr-4": {
                    "GuzzleHttp\\Ring\\": "src/"
                }
            },
            "notification-url": "https://packagist.org/downloads/",
            "license": [
                "MIT"
            ],
            "authors": [
                {
                    "name": "Michael Dowling",
                    "email": "mtdowling@gmail.com",
                    "homepage": "https://github.com/mtdowling"
                }
            ],
            "description": "Provides a simple API and specification that abstracts away the details of HTTP into a single PHP function.",
            "time": "2015-05-20 03:37:09"
        },
        {
            "name": "guzzlehttp/streams",
            "version": "3.0.0",
            "source": {
                "type": "git",
                "url": "https://github.com/guzzle/streams.git",
                "reference": "47aaa48e27dae43d39fc1cea0ccf0d84ac1a2ba5"
            },
            "dist": {
                "type": "zip",
                "url": "https://api.github.com/repos/guzzle/streams/zipball/47aaa48e27dae43d39fc1cea0ccf0d84ac1a2ba5",
                "reference": "47aaa48e27dae43d39fc1cea0ccf0d84ac1a2ba5",
                "shasum": ""
            },
            "require": {
                "php": ">=5.4.0"
            },
            "require-dev": {
                "phpunit/phpunit": "~4.0"
            },
            "type": "library",
            "extra": {
                "branch-alias": {
                    "dev-master": "3.0-dev"
                }
            },
            "autoload": {
                "psr-4": {
                    "GuzzleHttp\\Stream\\": "src/"
                }
            },
            "notification-url": "https://packagist.org/downloads/",
            "license": [
                "MIT"
            ],
            "authors": [
                {
                    "name": "Michael Dowling",
                    "email": "mtdowling@gmail.com",
                    "homepage": "https://github.com/mtdowling"
                }
            ],
            "description": "Provides a simple abstraction over streams of data",
            "homepage": "http://guzzlephp.org/",
            "keywords": [
                "Guzzle",
                "stream"
            ],
            "time": "2014-10-12 19:18:40"
        },
        {
            "name": "netresearch/jsonmapper",
            "version": "v1.3.0",
            "source": {
                "type": "git",
                "url": "https://github.com/cweiske/jsonmapper.git",
                "reference": "b94ffe5b237a697253f06f5a57d9b22292bfffb3"
            },
            "dist": {
                "type": "zip",
                "url": "https://api.github.com/repos/cweiske/jsonmapper/zipball/b94ffe5b237a697253f06f5a57d9b22292bfffb3",
                "reference": "b94ffe5b237a697253f06f5a57d9b22292bfffb3",
                "shasum": ""
            },
            "require": {
                "php": ">=5.6"
            },
            "require-dev": {
                "phpunit/phpunit": "4.2.*",
                "squizlabs/php_codesniffer": "~1.5"
            },
            "type": "library",
            "autoload": {
                "psr-0": {
                    "JsonMapper": "src/"
                }
            },
            "notification-url": "https://packagist.org/downloads/",
            "license": [
                "OSL-3.0"
            ],
            "authors": [
                {
                    "name": "Christian Weiske",
                    "email": "cweiske@cweiske.de",
                    "homepage": "http://github.com/cweiske/jsonmapper/",
                    "role": "Developer"
                }
            ],
            "description": "Map nested JSON structures onto PHP classes",
            "time": "2017-08-14 07:26:24"
        },
        {
            "name": "react/promise",
            "version": "v2.5.1",
            "source": {
                "type": "git",
                "url": "https://github.com/reactphp/promise.git",
                "reference": "62785ae604c8d69725d693eb370e1d67e94c4053"
            },
            "dist": {
                "type": "zip",
                "url": "https://api.github.com/repos/reactphp/promise/zipball/62785ae604c8d69725d693eb370e1d67e94c4053",
                "reference": "62785ae604c8d69725d693eb370e1d67e94c4053",
                "shasum": ""
            },
            "require": {
                "php": ">=5.4.0"
            },
            "require-dev": {
                "phpunit/phpunit": "~4.8"
            },
            "type": "library",
            "autoload": {
                "psr-4": {
                    "React\\Promise\\": "src/"
                },
                "files": [
                    "src/functions_include.php"
                ]
            },
            "notification-url": "https://packagist.org/downloads/",
            "license": [
                "MIT"
            ],
            "authors": [
                {
                    "name": "Jan Sorgalla",
                    "email": "jsorgalla@gmail.com"
                }
            ],
            "description": "A lightweight implementation of CommonJS Promises/A for PHP",
            "keywords": [
                "promise",
                "promises"
            ],
            "time": "2017-03-25 12:08:31"
        }
    ],
    "packages-dev": [],
    "aliases": [],
    "minimum-stability": "dev",
    "stability-flags": [],
    "prefer-stable": true,
    "prefer-lowest": false,
    "platform": {
        "php": ">=7.0"
    },
    "platform-dev": []
}
